
Microsoft Visual Studio Solution File, Format Version 12.00
# Visual Studio Version 17
VisualStudioVersion = 17.1.32421.90
MinimumVisualStudioVersion = 10.0.40219.1
Project("{9A19103F-16F7-4668-BE54-9A1E7A4F7556}") = "TreeStructureAPI", "TreeStructureAPI\TreeStructureAPI.csproj", "{6EB863FE-ED6E-49DA-BD0A-6B24ADCF63A6}"
EndProject
Project("{FAE04EC0-301F-11D3-BF4B-00C04F79EFBC}") = "Entities", "Entities\Entities.csproj", "{49BCD5B9-6583-4123-96A0-7A1E315E18F4}"
EndProject
Project("{FAE04EC0-301F-11D3-BF4B-00C04F79EFBC}") = "Contracts", "Contracts\Contracts.csproj", "{11A8432E-9F4A-476E-A25C-F850D981EF5E}"
EndProject
Project("{FAE04EC0-301F-11D3-BF4B-00C04F79EFBC}") = "Repositories", "Repositories\Repositories.csproj", "{12111BD9-C18F-46DB-B871-9EBFE5704DD4}"
EndProject
Global
	GlobalSection(SolutionConfigurationPlatforms) = preSolution
		Debug|Any CPU = Debug|Any CPU
		Release|Any CPU = Release|Any CPU
	EndGlobalSection
	GlobalSection(ProjectConfigurationPlatforms) = postSolution
		{6EB863FE-ED6E-49DA-BD0A-6B24ADCF63A6}.Debug|Any CPU.ActiveCfg = Debug|Any CPU
		{6EB863FE-ED6E-49DA-BD0A-6B24ADCF63A6}.Debug|Any CPU.Build.0 = Debug|Any CPU
		{6EB863FE-ED6E-49DA-BD0A-6B24ADCF63A6}.Release|Any CPU.ActiveCfg = Release|Any CPU
		{6EB863FE-ED6E-49DA-BD0A-6B24ADCF63A6}.Release|Any CPU.Build.0 = Release|Any CPU
		{49BCD5B9-6583-4123-96A0-7A1E315E18F4}.Debug|Any CPU.ActiveCfg = Debug|Any CPU
		{49BCD5B9-6583-4123-96A0-7A1E315E18F4}.Debug|Any CPU.Build.0 = Debug|Any CPU
		{49BCD5B9-6583-4123-96A0-7A1E315E18F4}.Release|Any CPU.ActiveCfg = Release|Any CPU
		{49BCD5B9-6583-4123-96A0-7A1E315E18F4}.Release|Any CPU.Build.0 = Release|Any CPU
		{11A8432E-9F4A-476E-A25C-F850D981EF5E}.Debug|Any CPU.ActiveCfg = Debug|Any CPU
		{11A8432E-9F4A-476E-A25C-F850D981EF5E}.Debug|Any CPU.Build.0 = Debug|Any CPU
		{11A8432E-9F4A-476E-A25C-F850D981EF5E}.Release|Any CPU.ActiveCfg = Release|Any CPU
		{11A8432E-9F4A-476E-A25C-F850D981EF5E}.Release|Any CPU.Build.0 = Release|Any CPU
		{12111BD9-C18F-46DB-B871-9EBFE5704DD4}.Debug|Any CPU.ActiveCfg = Debug|Any CPU
		{12111BD9-C18F-46DB-B871-9EBFE5704DD4}.Debug|Any CPU.Build.0 = Debug|Any CPU
		{12111BD9-C18F-46DB-B871-9EBFE5704DD4}.Release|Any CPU.ActiveCfg = Release|Any CPU
		{12111BD9-C18F-46DB-B871-9EBFE5704DD4}.Release|Any CPU.Build.0 = Release|Any CPU
	EndGlobalSection
	GlobalSection(SolutionProperties) = preSolution
		HideSolutionNode = FALSE
	EndGlobalSection
	GlobalSection(ExtensibilityGlobals) = postSolution
		SolutionGuid = {85E46724-FEBC-4768-8F30-629B41FEDEB0}
	EndGlobalSection
EndGlobal
